
Microsoft Visual Studio Solution File, Format Version 12.00
# Visual Studio Version 17
VisualStudioVersion = 17.5.002.0
MinimumVisualStudioVersion = 10.0.40219.1
Project("{9A19103F-16F7-4668-BE54-9A1E7A4F7556}") = "AppVendas", "AppVendas.csproj", "{1203A412-A1EE-49F3-8A0F-A79EB74F3327}"
EndProject
Global
	GlobalSection(SolutionConfigurationPlatforms) = preSolution
		Debug|Any CPU = Debug|Any CPU
		Release|Any CPU = Release|Any CPU
	EndGlobalSection
	GlobalSection(ProjectConfigurationPlatforms) = postSolution
		{1203A412-A1EE-49F3-8A0F-A79EB74F3327}.Debug|Any CPU.ActiveCfg = Debug|Any CPU
		{1203A412-A1EE-49F3-8A0F-A79EB74F3327}.Debug|Any CPU.Build.0 = Debug|Any CPU
		{1203A412-A1EE-49F3-8A0F-A79EB74F3327}.Release|Any CPU.ActiveCfg = Release|Any CPU
		{1203A412-A1EE-49F3-8A0F-A79EB74F3327}.Release|Any CPU.Build.0 = Release|Any CPU
	EndGlobalSection
	GlobalSection(SolutionProperties) = preSolution
		HideSolutionNode = FALSE
	EndGlobalSection
	GlobalSection(ExtensibilityGlobals) = postSolution
		SolutionGuid = {926DECDC-A09B-46E4-9414-E48C1AB7B990}
	EndGlobalSection
EndGlobal
